
Microsoft Visual Studio Solution File, Format Version 12.00
# Visual Studio Version 17
VisualStudioVersion = 17.9.34616.47
MinimumVisualStudioVersion = 10.0.40219.1
Project("{9A19103F-16F7-4668-BE54-9A1E7A4F7556}") = "ProyectoPrueba", "ProyectoPrueba\ProyectoPrueba.csproj", "{28164E10-2495-4CCA-834D-DE231CC164F9}"
EndProject
Project("{9A19103F-16F7-4668-BE54-9A1E7A4F7556}") = "ProyectoBack", "ProyectoBack\ProyectoBack.csproj", "{ADF2BF8D-4E77-4EE4-AC33-95C71D230889}"
EndProject
Global
	GlobalSection(SolutionConfigurationPlatforms) = preSolution
		Debug|Any CPU = Debug|Any CPU
		Release|Any CPU = Release|Any CPU
	EndGlobalSection
	GlobalSection(ProjectConfigurationPlatforms) = postSolution
		{28164E10-2495-4CCA-834D-DE231CC164F9}.Debug|Any CPU.ActiveCfg = Debug|Any CPU
		{28164E10-2495-4CCA-834D-DE231CC164F9}.Debug|Any CPU.Build.0 = Debug|Any CPU
		{28164E10-2495-4CCA-834D-DE231CC164F9}.Release|Any CPU.ActiveCfg = Release|Any CPU
		{28164E10-2495-4CCA-834D-DE231CC164F9}.Release|Any CPU.Build.0 = Release|Any CPU
		{ADF2BF8D-4E77-4EE4-AC33-95C71D230889}.Debug|Any CPU.ActiveCfg = Debug|Any CPU
		{ADF2BF8D-4E77-4EE4-AC33-95C71D230889}.Debug|Any CPU.Build.0 = Debug|Any CPU
		{ADF2BF8D-4E77-4EE4-AC33-95C71D230889}.Release|Any CPU.ActiveCfg = Release|Any CPU
		{ADF2BF8D-4E77-4EE4-AC33-95C71D230889}.Release|Any CPU.Build.0 = Release|Any CPU
	EndGlobalSection
	GlobalSection(SolutionProperties) = preSolution
		HideSolutionNode = FALSE
	EndGlobalSection
	GlobalSection(ExtensibilityGlobals) = postSolution
		SolutionGuid = {74CA9270-5C1E-466E-A83F-7A99085E6DA0}
	EndGlobalSection
EndGlobal
